
Microsoft Visual Studio Solution File, Format Version 12.00
# Visual Studio Version 17
VisualStudioVersion = 17.0.31903.59
MinimumVisualStudioVersion = 10.0.40219.1
Project("{FAE04EC0-301F-11D3-BF4B-00C04F79EFBC}") = "API", "API\API.csproj", "{C2CCE31B-EB18-4176-ACC2-F4C670D617CE}"
EndProject
Project("{FAE04EC0-301F-11D3-BF4B-00C04F79EFBC}") = "Core", "Core\Core.csproj", "{7E2597FD-1AFC-4BF9-9A7C-886531DEDAB8}"
EndProject
Project("{FAE04EC0-301F-11D3-BF4B-00C04F79EFBC}") = "Infrastructure", "Infrastructure\Infrastructure.csproj", "{27BA6A6E-D44F-451E-9E9E-C8E097A31518}"
EndProject
Global
	GlobalSection(SolutionConfigurationPlatforms) = preSolution
		Debug|Any CPU = Debug|Any CPU
		Release|Any CPU = Release|Any CPU
	EndGlobalSection
	GlobalSection(SolutionProperties) = preSolution
		HideSolutionNode = FALSE
	EndGlobalSection
	GlobalSection(ProjectConfigurationPlatforms) = postSolution
		{C2CCE31B-EB18-4176-ACC2-F4C670D617CE}.Debug|Any CPU.ActiveCfg = Debug|Any CPU
		{C2CCE31B-EB18-4176-ACC2-F4C670D617CE}.Debug|Any CPU.Build.0 = Debug|Any CPU
		{C2CCE31B-EB18-4176-ACC2-F4C670D617CE}.Release|Any CPU.ActiveCfg = Release|Any CPU
		{C2CCE31B-EB18-4176-ACC2-F4C670D617CE}.Release|Any CPU.Build.0 = Release|Any CPU
		{7E2597FD-1AFC-4BF9-9A7C-886531DEDAB8}.Debug|Any CPU.ActiveCfg = Debug|Any CPU
		{7E2597FD-1AFC-4BF9-9A7C-886531DEDAB8}.Debug|Any CPU.Build.0 = Debug|Any CPU
		{7E2597FD-1AFC-4BF9-9A7C-886531DEDAB8}.Release|Any CPU.ActiveCfg = Release|Any CPU
		{7E2597FD-1AFC-4BF9-9A7C-886531DEDAB8}.Release|Any CPU.Build.0 = Release|Any CPU
		{27BA6A6E-D44F-451E-9E9E-C8E097A31518}.Debug|Any CPU.ActiveCfg = Debug|Any CPU
		{27BA6A6E-D44F-451E-9E9E-C8E097A31518}.Debug|Any CPU.Build.0 = Debug|Any CPU
		{27BA6A6E-D44F-451E-9E9E-C8E097A31518}.Release|Any CPU.ActiveCfg = Release|Any CPU
		{27BA6A6E-D44F-451E-9E9E-C8E097A31518}.Release|Any CPU.Build.0 = Release|Any CPU
	EndGlobalSection
EndGlobal
